// !$*UTF8*$!
{
	archiveVersion = 1;
	classes = {
	};
	objectVersion = 46;
	objects = {

/* Begin PBXBuildFile section */
		1A6346551D6C9BB1006E9C93 /* AppDelegate.swift in Sources */ = {isa = PBXBuildFile; fileRef = 1A6346541D6C9BB1006E9C93 /* AppDelegate.swift */; };
		1A6346571D6C9BB1006E9C93 /* ViewController.swift in Sources */ = {isa = PBXBuildFile; fileRef = 1A6346561D6C9BB1006E9C93 /* ViewController.swift */; };
		1A63465A1D6C9BB1006E9C93 /* Main.storyboard in Resources */ = {isa = PBXBuildFile; fileRef = 1A6346581D6C9BB1006E9C93 /* Main.storyboard */; };
		1A63465C1D6C9BB1006E9C93 /* Assets.xcassets in Resources */ = {isa = PBXBuildFile; fileRef = 1A63465B1D6C9BB1006E9C93 /* Assets.xcassets */; };
		1A63465F1D6C9BB1006E9C93 /* LaunchScreen.storyboard in Resources */ = {isa = PBXBuildFile; fileRef = 1A63465D1D6C9BB1006E9C93 /* LaunchScreen.storyboard */; };
		1A63466A1D6C9BB2006E9C93 /* ios_scrollviewTests.swift in Sources */ = {isa = PBXBuildFile; fileRef = 1A6346691D6C9BB2006E9C93 /* ios_scrollviewTests.swift */; };
		1A6346751D6C9BB2006E9C93 /* ios_scrollviewUITests.swift in Sources */ = {isa = PBXBuildFile; fileRef = 1A6346741D6C9BB2006E9C93 /* ios_scrollviewUITests.swift */; };
/* End PBXBuildFile section */

/* Begin PBXContainerItemProxy section */
		1A6346661D6C9BB1006E9C93 /* PBXContainerItemProxy */ = {
			isa = PBXContainerItemProxy;
			containerPortal = 1A6346491D6C9BB1006E9C93 /* Project object */;
			proxyType = 1;
			remoteGlobalIDString = 1A6346501D6C9BB1006E9C93;
			remoteInfo = "ios-scrollview";
		};
		1A6346711D6C9BB2006E9C93 /* PBXContainerItemProxy */ = {
			isa = PBXContainerItemProxy;
			containerPortal = 1A6346491D6C9BB1006E9C93 /* Project object */;
			proxyType = 1;
			remoteGlobalIDString = 1A6346501D6C9BB1006E9C93;
			remoteInfo = "ios-scrollview";
		};
/* End PBXContainerItemProxy section */

/* Begin PBXFileReference section */
		1A6346511D6C9BB1006E9C93 /* ios-scrollview.app */ = {isa = PBXFileReference; explicitFileType = wrapper.application; includeInIndex = 0; path = "ios-scrollview.app"; sourceTree = BUILT_PRODUCTS_DIR; };
		1A6346541D6C9BB1006E9C93 /* AppDelegate.swift */ = {isa = PBXFileReference; lastKnownFileType = sourcecode.swift; path = AppDelegate.swift; sourceTree = "<group>"; };
		1A6346561D6C9BB1006E9C93 /* ViewController.swift */ = {isa = PBXFileReference; lastKnownFileType = sourcecode.swift; path = ViewController.swift; sourceTree = "<group>"; };
		1A6346591D6C9BB1006E9C93 /* Base */ = {isa = PBXFileReference; lastKnownFileType = file.storyboard; name = Base; path = Base.lproj/Main.storyboard; sourceTree = "<group>"; };
		1A63465B1D6C9BB1006E9C93 /* Assets.xcassets */ = {isa = PBXFileReference; lastKnownFileType = folder.assetcatalog; path = Assets.xcassets; sourceTree = "<group>"; };
		1A63465E1D6C9BB1006E9C93 /* Base */ = {isa = PBXFileReference; lastKnownFileType = file.storyboard; name = Base; path = Base.lproj/LaunchScreen.storyboard; sourceTree = "<group>"; };
		1A6346601D6C9BB1006E9C93 /* Info.plist */ = {isa = PBXFileReference; lastKnownFileType = text.plist.xml; path = Info.plist; sourceTree = "<group>"; };
		1A6346651D6C9BB1006E9C93 /* ios-scrollviewTests.xctest */ = {isa = PBXFileReference; explicitFileType = wrapper.cfbundle; includeInIndex = 0; path = "ios-scrollviewTests.xctest"; sourceTree = BUILT_PRODUCTS_DIR; };
		1A6346691D6C9BB2006E9C93 /* ios_scrollviewTests.swift */ = {isa = PBXFileReference; lastKnownFileType = sourcecode.swift; path = ios_scrollviewTests.swift; sourceTree = "<group>"; };
		1A63466B1D6C9BB2006E9C93 /* Info.plist */ = {isa = PBXFileReference; lastKnownFileType = text.plist.xml; path = Info.plist; sourceTree = "<group>"; };
		1A6346701D6C9BB2006E9C93 /* ios-scrollviewUITests.xctest */ = {isa = PBXFileReference; explicitFileType = wrapper.cfbundle; includeInIndex = 0; path = "ios-scrollviewUITests.xctest"; sourceTree = BUILT_PRODUCTS_DIR; };
		1A6346741D6C9BB2006E9C93 /* ios_scrollviewUITests.swift */ = {isa = PBXFileReference; lastKnownFileType = sourcecode.swift; path = ios_scrollviewUITests.swift; sourceTree = "<group>"; };
		1A6346761D6C9BB2006E9C93 /* Info.plist */ = {isa = PBXFileReference; lastKnownFileType = text.plist.xml; path = Info.plist; sourceTree = "<group>"; };
/* End PBXFileReference section */

/* Begin PBXFrameworksBuildPhase section */
		1A63464E1D6C9BB1006E9C93 /* Frameworks */ = {
			isa = PBXFrameworksBuildPhase;
			buildActionMask = 2147483647;
			files = (
			);
			runOnlyForDeploymentPostprocessing = 0;
		};
		1A6346621D6C9BB1006E9C93 /* Frameworks */ = {
			isa = PBXFrameworksBuildPhase;
			buildActionMask = 2147483647;
			files = (
			);
			runOnlyForDeploymentPostprocessing = 0;
		};
		1A63466D1D6C9BB2006E9C93 /* Frameworks */ = {
			isa = PBXFrameworksBuildPhase;
			buildActionMask = 2147483647;
			files = (
			);
			runOnlyForDeploymentPostprocessing = 0;
		};
/* End PBXFrameworksBuildPhase section */

/* Begin PBXGroup section */
		1A6346481D6C9BB1006E9C93 = {
			isa = PBXGroup;
			children = (
				1A6346531D6C9BB1006E9C93 /* ios-scrollview */,
				1A6346681D6C9BB2006E9C93 /* ios-scrollviewTests */,
				1A6346731D6C9BB2006E9C93 /* ios-scrollviewUITests */,
				1A6346521D6C9BB1006E9C93 /* Products */,
			);
			sourceTree = "<group>";
		};
		1A6346521D6C9BB1006E9C93 /* Products */ = {
			isa = PBXGroup;
			children = (
				1A6346511D6C9BB1006E9C93 /* ios-scrollview.app */,
				1A6346651D6C9BB1006E9C93 /* ios-scrollviewTests.xctest */,
				1A6346701D6C9BB2006E9C93 /* ios-scrollviewUITests.xctest */,
			);
			name = Products;
			sourceTree = "<group>";
		};
		1A6346531D6C9BB1006E9C93 /* ios-scrollview */ = {
			isa = PBXGroup;
			children = (
				1A6346541D6C9BB1006E9C93 /* AppDelegate.swift */,
				1A6346561D6C9BB1006E9C93 /* ViewController.swift */,
				1A6346581D6C9BB1006E9C93 /* Main.storyboard */,
				1A63465B1D6C9BB1006E9C93 /* Assets.xcassets */,
				1A63465D1D6C9BB1006E9C93 /* LaunchScreen.storyboard */,
				1A6346601D6C9BB1006E9C93 /* Info.plist */,
			);
			path = "ios-scrollview";
			sourceTree = "<group>";
		};
		1A6346681D6C9BB2006E9C93 /* ios-scrollviewTests */ = {
			isa = PBXGroup;
			children = (
				1A6346691D6C9BB2006E9C93 /* ios_scrollviewTests.swift */,
				1A63466B1D6C9BB2006E9C93 /* Info.plist */,
			);
			path = "ios-scrollviewTests";
			sourceTree = "<group>";
		};
		1A6346731D6C9BB2006E9C93 /* ios-scrollviewUITests */ = {
			isa = PBXGroup;
			children = (
				1A6346741D6C9BB2006E9C93 /* ios_scrollviewUITests.swift */,
				1A6346761D6C9BB2006E9C93 /* Info.plist */,
			);
			path = "ios-scrollviewUITests";
			sourceTree = "<group>";
		};
/* End PBXGroup section */

/* Begin PBXNativeTarget section */
		1A6346501D6C9BB1006E9C93 /* ios-scrollview */ = {
			isa = PBXNativeTarget;
			buildConfigurationList = 1A6346791D6C9BB2006E9C93 /* Build configuration list for PBXNativeTarget "ios-scrollview" */;
			buildPhases = (
				1A63464D1D6C9BB1006E9C93 /* Sources */,
				1A63464E1D6C9BB1006E9C93 /* Frameworks */,
				1A63464F1D6C9BB1006E9C93 /* Resources */,
			);
			buildRules = (
			);
			dependencies = (
			);
			name = "ios-scrollview";
			productName = "ios-scrollview";
			productReference = 1A6346511D6C9BB1006E9C93 /* ios-scrollview.app */;
			productType = "com.apple.product-type.application";
		};
		1A6346641D6C9BB1006E9C93 /* ios-scrollviewTests */ = {
			isa = PBXNativeTarget;
			buildConfigurationList = 1A63467C1D6C9BB2006E9C93 /* Build configuration list for PBXNativeTarget "ios-scrollviewTests" */;
			buildPhases = (
				1A6346611D6C9BB1006E9C93 /* Sources */,
				1A6346621D6C9BB1006E9C93 /* Frameworks */,
				1A6346631D6C9BB1006E9C93 /* Resources */,
			);
			buildRules = (
			);
			dependencies = (
				1A6346671D6C9BB1006E9C93 /* PBXTargetDependency */,
			);
			name = "ios-scrollviewTests";
			productName = "ios-scrollviewTests";
			productReference = 1A6346651D6C9BB1006E9C93 /* ios-scrollviewTests.xctest */;
			productType = "com.apple.product-type.bundle.unit-test";
		};
		1A63466F1D6C9BB2006E9C93 /* ios-scrollviewUITests */ = {
			isa = PBXNativeTarget;
			buildConfigurationList = 1A63467F1D6C9BB2006E9C93 /* Build configuration list for PBXNativeTarget "ios-scrollviewUITests" */;
			buildPhases = (
				1A63466C1D6C9BB2006E9C93 /* Sources */,
				1A63466D1D6C9BB2006E9C93 /* Frameworks */,
				1A63466E1D6C9BB2006E9C93 /* Resources */,
			);
			buildRules = (
			);
			dependencies = (
				1A6346721D6C9BB2006E9C93 /* PBXTargetDependency */,
			);
			name = "ios-scrollviewUITests";
			productName = "ios-scrollviewUITests";
			productReference = 1A6346701D6C9BB2006E9C93 /* ios-scrollviewUITests.xctest */;
			productType = "com.apple.product-type.bundle.ui-testing";
		};
/* End PBXNativeTarget section */

/* Begin PBXProject section */
		1A6346491D6C9BB1006E9C93 /* Project object */ = {
			isa = PBXProject;
			attributes = {
				LastSwiftUpdateCheck = 0800;
				LastUpgradeCheck = 0800;
				ORGANIZATIONNAME = "Openspace Digital Technology";
				TargetAttributes = {
					1A6346501D6C9BB1006E9C93 = {
						CreatedOnToolsVersion = 8.0;
						ProvisioningStyle = Automatic;
					};
					1A6346641D6C9BB1006E9C93 = {
						CreatedOnToolsVersion = 8.0;
						ProvisioningStyle = Automatic;
						TestTargetID = 1A6346501D6C9BB1006E9C93;
					};
					1A63466F1D6C9BB2006E9C93 = {
						CreatedOnToolsVersion = 8.0;
						ProvisioningStyle = Automatic;
						TestTargetID = 1A6346501D6C9BB1006E9C93;
					};
				};
			};
			buildConfigurationList = 1A63464C1D6C9BB1006E9C93 /* Build configuration list for PBXProject "ios-scrollview" */;
			compatibilityVersion = "Xcode 3.2";
			developmentRegion = English;
			hasScannedForEncodings = 0;
			knownRegions = (
				en,
				Base,
			);
			mainGroup = 1A6346481D6C9BB1006E9C93;
			productRefGroup = 1A6346521D6C9BB1006E9C93 /* Products */;
			projectDirPath = "";
			projectRoot = "";
			targets = (
				1A6346501D6C9BB1006E9C93 /* ios-scrollview */,
				1A6346641D6C9BB1006E9C93 /* ios-scrollviewTests */,
				1A63466F1D6C9BB2006E9C93 /* ios-scrollviewUITests */,
			);
		};
/* End PBXProject section */

/* Begin PBXResourcesBuildPhase section */
		1A63464F1D6C9BB1006E9C93 /* Resources */ = {
			isa = PBXResourcesBuildPhase;
			buildActionMask = 2147483647;
			files = (
				1A63465F1D6C9BB1006E9C93 /* LaunchScreen.storyboard in Resources */,
				1A63465C1D6C9BB1006E9C93 /* Assets.xcassets in Resources */,
				1A63465A1D6C9BB1006E9C93 /* Main.storyboard in Resources */,
			);
			runOnlyForDeploymentPostprocessing = 0;
		};
		1A6346631D6C9BB1006E9C93 /* Resources */ = {
			isa = PBXResourcesBuildPhase;
			buildActionMask = 2147483647;
			files = (
			);
			runOnlyForDeploymentPostprocessing = 0;
		};
		1A63466E1D6C9BB2006E9C93 /* Resources */ = {
			isa = PBXResourcesBuildPhase;
			buildActionMask = 2147483647;
			files = (
			);
			runOnlyForDeploymentPostprocessing = 0;
		};
/* End PBXResourcesBuildPhase section */

/* Begin PBXSourcesBuildPhase section */
		1A63464D1D6C9BB1006E9C93 /* Sources */ = {
			isa = PBXSourcesBuildPhase;
			buildActionMask = 2147483647;
			files = (
				1A6346571D6C9BB1006E9C93 /* ViewController.swift in Sources */,
				1A6346551D6C9BB1006E9C93 /* AppDelegate.swift in Sources */,
			);
			runOnlyForDeploymentPostprocessing = 0;
		};
		1A6346611D6C9BB1006E9C93 /* Sources */ = {
			isa = PBXSourcesBuildPhase;
			buildActionMask = 2147483647;
			files = (
				1A63466A1D6C9BB2006E9C93 /* ios_scrollviewTests.swift in Sources */,
			);
			runOnlyForDeploymentPostprocessing = 0;
		};
		1A63466C1D6C9BB2006E9C93 /* Sources */ = {
			isa = PBXSourcesBuildPhase;
			buildActionMask = 2147483647;
			files = (
				1A6346751D6C9BB2006E9C93 /* ios_scrollviewUITests.swift in Sources */,
			);
			runOnlyForDeploymentPostprocessing = 0;
		};
/* End PBXSourcesBuildPhase section */

/* Begin PBXTargetDependency section */
		1A6346671D6C9BB1006E9C93 /* PBXTargetDependency */ = {
			isa = PBXTargetDependency;
			target = 1A6346501D6C9BB1006E9C93 /* ios-scrollview */;
			targetProxy = 1A6346661D6C9BB1006E9C93 /* PBXContainerItemProxy */;
		};
		1A6346721D6C9BB2006E9C93 /* PBXTargetDependency */ = {
			isa = PBXTargetDependency;
			target = 1A6346501D6C9BB1006E9C93 /* ios-scrollview */;
			targetProxy = 1A6346711D6C9BB2006E9C93 /* PBXContainerItemProxy */;
		};
/* End PBXTargetDependency section */

/* Begin PBXVariantGroup section */
		1A6346581D6C9BB1006E9C93 /* Main.storyboard */ = {
			isa = PBXVariantGroup;
			children = (
				1A6346591D6C9BB1006E9C93 /* Base */,
			);
			name = Main.storyboard;
			sourceTree = "<group>";
		};
		1A63465D1D6C9BB1006E9C93 /* LaunchScreen.storyboard */ = {
			isa = PBXVariantGroup;
			children = (
				1A63465E1D6C9BB1006E9C93 /* Base */,
			);
			name = LaunchScreen.storyboard;
			sourceTree = "<group>";
		};
/* End PBXVariantGroup section */

/* Begin XCBuildConfiguration section */
		1A6346771D6C9BB2006E9C93 /* Debug */ = {
			isa = XCBuildConfiguration;
			buildSettings = {
				ALWAYS_SEARCH_USER_PATHS = NO;
				CLANG_ANALYZER_NONNULL = YES;
				CLANG_CXX_LANGUAGE_STANDARD = "gnu++0x";
				CLANG_CXX_LIBRARY = "libc++";
				CLANG_ENABLE_MODULES = YES;
				CLANG_ENABLE_OBJC_ARC = YES;
				CLANG_WARN_BOOL_CONVERSION = YES;
				CLANG_WARN_CONSTANT_CONVERSION = YES;
				CLANG_WARN_DIRECT_OBJC_ISA_USAGE = YES_ERROR;
				CLANG_WARN_DOCUMENTATION_COMMENTS = YES;
				CLANG_WARN_EMPTY_BODY = YES;
				CLANG_WARN_ENUM_CONVERSION = YES;
				CLANG_WARN_INFINITE_RECURSION = YES;
				CLANG_WARN_INT_CONVERSION = YES;
				CLANG_WARN_OBJC_ROOT_CLASS = YES_ERROR;
				CLANG_WARN_SUSPICIOUS_MOVES = YES;
				CLANG_WARN_UNREACHABLE_CODE = YES;
				CLANG_WARN__DUPLICATE_METHOD_MATCH = YES;
				"CODE_SIGN_IDENTITY[sdk=iphoneos*]" = "iPhone Developer";
				COPY_PHASE_STRIP = NO;
				DEBUG_INFORMATION_FORMAT = dwarf;
				ENABLE_STRICT_OBJC_MSGSEND = YES;
				ENABLE_TESTABILITY = YES;
				GCC_C_LANGUAGE_STANDARD = gnu99;
				GCC_DYNAMIC_NO_PIC = NO;
				GCC_NO_COMMON_BLOCKS = YES;
				GCC_OPTIMIZATION_LEVEL = 0;
				GCC_PREPROCESSOR_DEFINITIONS = (
					"DEBUG=1",
					"$(inherited)",
				);
				GCC_WARN_64_TO_32_BIT_CONVERSION = YES;
				GCC_WARN_ABOUT_RETURN_TYPE = YES_ERROR;
				GCC_WARN_UNDECLARED_SELECTOR = YES;
				GCC_WARN_UNINITIALIZED_AUTOS = YES_AGGRESSIVE;
				GCC_WARN_UNUSED_FUNCTION = YES;
				GCC_WARN_UNUSED_VARIABLE = YES;
				IPHONEOS_DEPLOYMENT_TARGET = 10.0;
				MTL_ENABLE_DEBUG_INFO = YES;
				ONLY_ACTIVE_ARCH = YES;
				SDKROOT = iphoneos;
				SWIFT_ACTIVE_COMPILATION_CONDITIONS = DEBUG;
				SWIFT_OPTIMIZATION_LEVEL = "-Onone";
				TARGETED_DEVICE_FAMILY = "1,2";
			};
			name = Debug;
		};
		1A6346781D6C9BB2006E9C93 /* Release */ = {
			isa = XCBuildConfiguration;
			buildSettings = {
				ALWAYS_SEARCH_USER_PATHS = NO;
				CLANG_ANALYZER_NONNULL = YES;
				CLANG_CXX_LANGUAGE_STANDARD = "gnu++0x";
				CLANG_CXX_LIBRARY = "libc++";
				CLANG_ENABLE_MODULES = YES;
				CLANG_ENABLE_OBJC_ARC = YES;
				CLANG_WARN_BOOL_CONVERSION = YES;
				CLANG_WARN_CONSTANT_CONVERSION = YES;
				CLANG_WARN_DIRECT_OBJC_ISA_USAGE = YES_ERROR;
				CLANG_WARN_DOCUMENTATION_COMMENTS = YES;
				CLANG_WARN_EMPTY_BODY = YES;
				CLANG_WARN_ENUM_CONVERSION = YES;
				CLANG_WARN_INFINITE_RECURSION = YES;
				CLANG_WARN_INT_CONVERSION = YES;
				CLANG_WARN_OBJC_ROOT_CLASS = YES_ERROR;
				CLANG_WARN_SUSPICIOUS_MOVES = YES;
				CLANG_WARN_UNREACHABLE_CODE = YES;
				CLANG_WARN__DUPLICATE_METHOD_MATCH = YES;
				"CODE_SIGN_IDENTITY[sdk=iphoneos*]" = "iPhone Developer";
				COPY_PHASE_STRIP = NO;
				DEBUG_INFORMATION_FORMAT = "dwarf-with-dsym";
				ENABLE_NS_ASSERTIONS = NO;
				ENABLE_STRICT_OBJC_MSGSEND = YES;
				GCC_C_LANGUAGE_STANDARD = gnu99;
				GCC_NO_COMMON_BLOCKS = YES;
				GCC_WARN_64_TO_32_BIT_CONVERSION = YES;
				GCC_WARN_ABOUT_RETURN_TYPE = YES_ERROR;
				GCC_WARN_UNDECLARED_SELECTOR = YES;
				GCC_WARN_UNINITIALIZED_AUTOS = YES_AGGRESSIVE;
				GCC_WARN_UNUSED_FUNCTION = YES;
				GCC_WARN_UNUSED_VARIABLE = YES;
				IPHONEOS_DEPLOYMENT_TARGET = 10.0;
				MTL_ENABLE_DEBUG_INFO = NO;
				SDKROOT = iphoneos;
				SWIFT_OPTIMIZATION_LEVEL = "-Owholemodule";
				TARGETED_DEVICE_FAMILY = "1,2";
				VALIDATE_PRODUCT = YES;
			};
			name = Release;
		};
		1A63467A1D6C9BB2006E9C93 /* Debug */ = {
			isa = XCBuildConfiguration;
			buildSettings = {
				ASSETCATALOG_COMPILER_APPICON_NAME = AppIcon;
				INFOPLIST_FILE = "ios-scrollview/Info.plist";
				LD_RUNPATH_SEARCH_PATHS = "$(inherited) @executable_path/Frameworks";
				PRODUCT_BUNDLE_IDENTIFIER = "com.openspacedigitaltechnology.ios-scrollview";
				PRODUCT_NAME = "$(TARGET_NAME)";
				SWIFT_VERSION = 3.0;
			};
			name = Debug;
		};
		1A63467B1D6C9BB2006E9C93 /* Release */ = {
			isa = XCBuildConfiguration;
			buildSettings = {
				ASSETCATALOG_COMPILER_APPICON_NAME = AppIcon;
				INFOPLIST_FILE = "ios-scrollview/Info.plist";
				LD_RUNPATH_SEARCH_PATHS = "$(inherited) @executable_path/Frameworks";
				PRODUCT_BUNDLE_IDENTIFIER = "com.openspacedigitaltechnology.ios-scrollview";
				PRODUCT_NAME = "$(TARGET_NAME)";
				SWIFT_VERSION = 3.0;
			};
			name = Release;
		};
		1A63467D1D6C9BB2006E9C93 /* Debug */ = {
			isa = XCBuildConfiguration;
			buildSettings = {
				ALWAYS_EMBED_SWIFT_STANDARD_LIBRARIES = YES;
				BUNDLE_LOADER = "$(TEST_HOST)";
				INFOPLIST_FILE = "ios-scrollviewTests/Info.plist";
				LD_RUNPATH_SEARCH_PATHS = "$(inherited) @executable_path/Frameworks @loader_path/Frameworks";
				PRODUCT_BUNDLE_IDENTIFIER = "com.openspacedigitaltechnology.ios-scrollviewTests";
				PRODUCT_NAME = "$(TARGET_NAME)";
				SWIFT_VERSION = 3.0;
				TEST_HOST = "$(BUILT_PRODUCTS_DIR)/ios-scrollview.app/ios-scrollview";
			};
			name = Debug;
		};
		1A63467E1D6C9BB2006E9C93 /* Release */ = {
			isa = XCBuildConfiguration;
			buildSettings = {
				ALWAYS_EMBED_SWIFT_STANDARD_LIBRARIES = YES;
				BUNDLE_LOADER = "$(TEST_HOST)";
				INFOPLIST_FILE = "ios-scrollviewTests/Info.plist";
				LD_RUNPATH_SEARCH_PATHS = "$(inherited) @executable_path/Frameworks @loader_path/Frameworks";
				PRODUCT_BUNDLE_IDENTIFIER = "com.openspacedigitaltechnology.ios-scrollviewTests";
				PRODUCT_NAME = "$(TARGET_NAME)";
				SWIFT_VERSION = 3.0;
				TEST_HOST = "$(BUILT_PRODUCTS_DIR)/ios-scrollview.app/ios-scrollview";
			};
			name = Release;
		};
		1A6346801D6C9BB2006E9C93 /* Debug */ = {
			isa = XCBuildConfiguration;
			buildSettings = {
				ALWAYS_EMBED_SWIFT_STANDARD_LIBRARIES = YES;
				INFOPLIST_FILE = "ios-scrollviewUITests/Info.plist";
				LD_RUNPATH_SEARCH_PATHS = "$(inherited) @executable_path/Frameworks @loader_path/Frameworks";
				PRODUCT_BUNDLE_IDENTIFIER = "com.openspacedigitaltechnology.ios-scrollviewUITests";
				PRODUCT_NAME = "$(TARGET_NAME)";
				SWIFT_VERSION = 3.0;
				TEST_TARGET_NAME = "ios-scrollview";
			};
			name = Debug;
		};
		1A6346811D6C9BB2006E9C93 /* Release */ = {
			isa = XCBuildConfiguration;
			buildSettings = {
				ALWAYS_EMBED_SWIFT_STANDARD_LIBRARIES = YES;
				INFOPLIST_FILE = "ios-scrollviewUITests/Info.plist";
				LD_RUNPATH_SEARCH_PATHS = "$(inherited) @executable_path/Frameworks @loader_path/Frameworks";
				PRODUCT_BUNDLE_IDENTIFIER = "com.openspacedigitaltechnology.ios-scrollviewUITests";
				PRODUCT_NAME = "$(TARGET_NAME)";
				SWIFT_VERSION = 3.0;
				TEST_TARGET_NAME = "ios-scrollview";
			};
			name = Release;
		};
/* End XCBuildConfiguration section */

/* Begin XCConfigurationList section */
		1A63464C1D6C9BB1006E9C93 /* Build configuration list for PBXProject "ios-scrollview" */ = {
			isa = XCConfigurationList;
			buildConfigurations = (
				1A6346771D6C9BB2006E9C93 /* Debug */,
				1A6346781D6C9BB2006E9C93 /* Release */,
			);
			defaultConfigurationIsVisible = 0;
			defaultConfigurationName = Release;
		};
		1A6346791D6C9BB2006E9C93 /* Build configuration list for PBXNativeTarget "ios-scrollview" */ = {
			isa = XCConfigurationList;
			buildConfigurations = (
				1A63467A1D6C9BB2006E9C93 /* Debug */,
				1A63467B1D6C9BB2006E9C93 /* Release */,
			);
			defaultConfigurationIsVisible = 0;
		};
		1A63467C1D6C9BB2006E9C93 /* Build configuration list for PBXNativeTarget "ios-scrollviewTests" */ = {
			isa = XCConfigurationList;
			buildConfigurations = (
				1A63467D1D6C9BB2006E9C93 /* Debug */,
				1A63467E1D6C9BB2006E9C93 /* Release */,
			);
			defaultConfigurationIsVisible = 0;
		};
		1A63467F1D6C9BB2006E9C93 /* Build configuration list for PBXNativeTarget "ios-scrollviewUITests" */ = {
			isa = XCConfigurationList;
			buildConfigurations = (
				1A6346801D6C9BB2006E9C93 /* Debug */,
				1A6346811D6C9BB2006E9C93 /* Release */,
			);
			defaultConfigurationIsVisible = 0;
		};
/* End XCConfigurationList section */
	};
	rootObject = 1A6346491D6C9BB1006E9C93 /* Project object */;
}
